
Microsoft Visual Studio Solution File, Format Version 11.00
# Visual C# Express 2010
Project("{FAE04EC0-301F-11D3-BF4B-00C04F79EFBC}") = "SpiridiEngine", "SpiridiEngine\SpiridiEngine.csproj", "{10D64754-B0F6-41A8-AE8C-2A27B40241D7}"
EndProject
Project("{FAE04EC0-301F-11D3-BF4B-00C04F79EFBC}") = "GraphicsTest", "GraphicsTest\GraphicsTest\GraphicsTest.csproj", "{0B9AD24B-D0EE-4E6E-A86B-2B04B86CF77D}"
EndProject
Project("{96E2B04D-8817-42C6-938A-82C39BA4D311}") = "GraphicsTestContent", "GraphicsTest\GraphicsTestContent\GraphicsTestContent.contentproj", "{439360DA-0CFB-48F5-9C4B-B23C7311D518}"
EndProject
Global
	GlobalSection(SolutionConfigurationPlatforms) = preSolution
		Debug|x86 = Debug|x86
		Release|x86 = Release|x86
	EndGlobalSection
	GlobalSection(ProjectConfigurationPlatforms) = postSolution
		{10D64754-B0F6-41A8-AE8C-2A27B40241D7}.Debug|x86.ActiveCfg = Debug|x86
		{10D64754-B0F6-41A8-AE8C-2A27B40241D7}.Debug|x86.Build.0 = Debug|x86
		{10D64754-B0F6-41A8-AE8C-2A27B40241D7}.Release|x86.ActiveCfg = Release|x86
		{10D64754-B0F6-41A8-AE8C-2A27B40241D7}.Release|x86.Build.0 = Release|x86
		{0B9AD24B-D0EE-4E6E-A86B-2B04B86CF77D}.Debug|x86.ActiveCfg = Debug|x86
		{0B9AD24B-D0EE-4E6E-A86B-2B04B86CF77D}.Debug|x86.Build.0 = Debug|x86
		{0B9AD24B-D0EE-4E6E-A86B-2B04B86CF77D}.Release|x86.ActiveCfg = Release|x86
		{0B9AD24B-D0EE-4E6E-A86B-2B04B86CF77D}.Release|x86.Build.0 = Release|x86
		{439360DA-0CFB-48F5-9C4B-B23C7311D518}.Debug|x86.ActiveCfg = Debug|x86
		{439360DA-0CFB-48F5-9C4B-B23C7311D518}.Release|x86.ActiveCfg = Release|x86
	EndGlobalSection
	GlobalSection(SolutionProperties) = preSolution
		HideSolutionNode = FALSE
	EndGlobalSection
EndGlobal
